Microsoft Visual Studio Solution File, Format Version 7.00
Project("{8BC9CEB8-8B4A-11D0-8D11-00A0C91BC942}") = "BackEndLib", "..\BackEndLib\BackEndLib.vcproj", "{F0FD3605-B3F7-4B6B-84A0-9D37805E2B5E}"
EndProject
Project("{8BC9CEB8-8B4A-11D0-8D11-00A0C91BC942}") = "Compat", "..\Compat\Compat.vcproj", "{F1B8B448-0907-4C3F-87F3-CBF183020BFE}"
EndProject
Project("{8BC9CEB8-8B4A-11D0-8D11-00A0C91BC942}") = "Compat1_5", "..\Compat1.5\Compat1_5.vcproj", "{8791E4DD-974E-4121-AEE6-E904EC266AFC}"
EndProject
Project("{8BC9CEB8-8B4A-11D0-8D11-00A0C91BC942}") = "DRODLib", "..\DRODLib\DRODLib.vcproj", "{B0599719-69E9-42A4-AB06-46B389F8E264}"
EndProject
Project("{8BC9CEB8-8B4A-11D0-8D11-00A0C91BC942}") = "DRODLib1_5", "..\DRODLib1.5\DRODLib1_5.vcproj", "{2915DC92-CE7B-4B50-9FDA-8B3C54C23582}"
EndProject
Project("{8BC9CEB8-8B4A-11D0-8D11-00A0C91BC942}") = "DRODSetup", "..\DRODSetup\DRODSetup.vcproj", "{E25BEA77-8797-41C9-A4F7-1D974B6B1ABF}"
EndProject
Project("{8BC9CEB8-8B4A-11D0-8D11-00A0C91BC942}") = "DRODUtil", "..\DRODUtil\DRODUtil.vcproj", "{12AEED67-4780-408F-9C71-07C7CE1EFF0C}"
EndProject
Project("{8BC9CEB8-8B4A-11D0-8D11-00A0C91BC942}") = "FrontEndLib", "..\FrontEndLib\FrontEndLib.vcproj", "{C7669233-EFB9-4C06-BD6D-3403169CC932}"
EndProject
Project("{8BC9CEB8-8B4A-11D0-8D11-00A0C91BC942}") = "Help", "..\Data\Help\Help.vcproj", "{4A0E9D7B-70CE-4F62-8A2B-1E3CF7B98404}"
EndProject
Project("{8BC9CEB8-8B4A-11D0-8D11-00A0C91BC942}") = "drod", "..\DROD\drod.vcproj", "{CD4CFCFE-1C94-43F8-9056-67234251148C}"
EndProject
Global
	GlobalSection(SolutionConfiguration) = preSolution
		ConfigName.0 = Debug
		ConfigName.1 = Release
	EndGlobalSection
	GlobalSection(ProjectDependencies) = postSolution
		{F1B8B448-0907-4C3F-87F3-CBF183020BFE}.0 = {B0599719-69E9-42A4-AB06-46B389F8E264}
		{8791E4DD-974E-4121-AEE6-E904EC266AFC}.0 = {2915DC92-CE7B-4B50-9FDA-8B3C54C23582}
		{B0599719-69E9-42A4-AB06-46B389F8E264}.0 = {F0FD3605-B3F7-4B6B-84A0-9D37805E2B5E}
		{12AEED67-4780-408F-9C71-07C7CE1EFF0C}.0 = {B0599719-69E9-42A4-AB06-46B389F8E264}
		{C7669233-EFB9-4C06-BD6D-3403169CC932}.0 = {F0FD3605-B3F7-4B6B-84A0-9D37805E2B5E}
		{CD4CFCFE-1C94-43F8-9056-67234251148C}.0 = {F0FD3605-B3F7-4B6B-84A0-9D37805E2B5E}
		{CD4CFCFE-1C94-43F8-9056-67234251148C}.1 = {C7669233-EFB9-4C06-BD6D-3403169CC932}
		{CD4CFCFE-1C94-43F8-9056-67234251148C}.2 = {B0599719-69E9-42A4-AB06-46B389F8E264}
	EndGlobalSection
	GlobalSection(ProjectConfiguration) = postSolution
		{F0FD3605-B3F7-4B6B-84A0-9D37805E2B5E}.Debug.ActiveCfg = Debug|Win32
		{F0FD3605-B3F7-4B6B-84A0-9D37805E2B5E}.Debug.Build.0 = Debug|Win32
		{F0FD3605-B3F7-4B6B-84A0-9D37805E2B5E}.Release.ActiveCfg = Release|Win32
		{F0FD3605-B3F7-4B6B-84A0-9D37805E2B5E}.Release.Build.0 = Release|Win32
		{F1B8B448-0907-4C3F-87F3-CBF183020BFE}.Debug.ActiveCfg = Debug|Win32
		{F1B8B448-0907-4C3F-87F3-CBF183020BFE}.Debug.Build.0 = Debug|Win32
		{F1B8B448-0907-4C3F-87F3-CBF183020BFE}.Release.ActiveCfg = Release|Win32
		{F1B8B448-0907-4C3F-87F3-CBF183020BFE}.Release.Build.0 = Release|Win32
		{8791E4DD-974E-4121-AEE6-E904EC266AFC}.Debug.ActiveCfg = Debug|Win32
		{8791E4DD-974E-4121-AEE6-E904EC266AFC}.Debug.Build.0 = Debug|Win32
		{8791E4DD-974E-4121-AEE6-E904EC266AFC}.Release.ActiveCfg = Release|Win32
		{8791E4DD-974E-4121-AEE6-E904EC266AFC}.Release.Build.0 = Release|Win32
		{B0599719-69E9-42A4-AB06-46B389F8E264}.Debug.ActiveCfg = Debug|Win32
		{B0599719-69E9-42A4-AB06-46B389F8E264}.Debug.Build.0 = Debug|Win32
		{B0599719-69E9-42A4-AB06-46B389F8E264}.Release.ActiveCfg = Release|Win32
		{B0599719-69E9-42A4-AB06-46B389F8E264}.Release.Build.0 = Release|Win32
		{2915DC92-CE7B-4B50-9FDA-8B3C54C23582}.Debug.ActiveCfg = Debug|Win32
		{2915DC92-CE7B-4B50-9FDA-8B3C54C23582}.Debug.Build.0 = Debug|Win32
		{2915DC92-CE7B-4B50-9FDA-8B3C54C23582}.Release.ActiveCfg = Release|Win32
		{2915DC92-CE7B-4B50-9FDA-8B3C54C23582}.Release.Build.0 = Release|Win32
		{E25BEA77-8797-41C9-A4F7-1D974B6B1ABF}.Debug.ActiveCfg = Debug|Win32
		{E25BEA77-8797-41C9-A4F7-1D974B6B1ABF}.Debug.Build.0 = Debug|Win32
		{E25BEA77-8797-41C9-A4F7-1D974B6B1ABF}.Release.ActiveCfg = Release|Win32
		{E25BEA77-8797-41C9-A4F7-1D974B6B1ABF}.Release.Build.0 = Release|Win32
		{12AEED67-4780-408F-9C71-07C7CE1EFF0C}.Debug.ActiveCfg = Debug|Win32
		{12AEED67-4780-408F-9C71-07C7CE1EFF0C}.Debug.Build.0 = Debug|Win32
		{12AEED67-4780-408F-9C71-07C7CE1EFF0C}.Release.ActiveCfg = Release|Win32
		{12AEED67-4780-408F-9C71-07C7CE1EFF0C}.Release.Build.0 = Release|Win32
		{C7669233-EFB9-4C06-BD6D-3403169CC932}.Debug.ActiveCfg = Debug|Win32
		{C7669233-EFB9-4C06-BD6D-3403169CC932}.Debug.Build.0 = Debug|Win32
		{C7669233-EFB9-4C06-BD6D-3403169CC932}.Release.ActiveCfg = Release|Win32
		{C7669233-EFB9-4C06-BD6D-3403169CC932}.Release.Build.0 = Release|Win32
		{4A0E9D7B-70CE-4F62-8A2B-1E3CF7B98404}.Debug.ActiveCfg = Debug|Win32
		{4A0E9D7B-70CE-4F62-8A2B-1E3CF7B98404}.Debug.Build.0 = Debug|Win32
		{4A0E9D7B-70CE-4F62-8A2B-1E3CF7B98404}.Release.ActiveCfg = Release|Win32
		{4A0E9D7B-70CE-4F62-8A2B-1E3CF7B98404}.Release.Build.0 = Release|Win32
		{CD4CFCFE-1C94-43F8-9056-67234251148C}.Debug.ActiveCfg = Debug|Win32
		{CD4CFCFE-1C94-43F8-9056-67234251148C}.Debug.Build.0 = Debug|Win32
		{CD4CFCFE-1C94-43F8-9056-67234251148C}.Release.ActiveCfg = Release|Win32
		{CD4CFCFE-1C94-43F8-9056-67234251148C}.Release.Build.0 = Release|Win32
	EndGlobalSection
	GlobalSection(ExtensibilityGlobals) = postSolution
	EndGlobalSection
	GlobalSection(ExtensibilityAddIns) = postSolution
	EndGlobalSection
EndGlobal
